
Microsoft Visual Studio Solution File, Format Version 12.00
# Visual Studio 2012
Project("{E24C65DC-7377-472B-9ABA-BC803B73C61A}") = "X2Service", "http://localhost:56452", "{99AD51BC-2BB3-4098-B6EF-6CEC6A5F9C09}"
	ProjectSection(WebsiteProperties) = preProject
		UseIISExpress = "true"
		TargetFrameworkMoniker = ".NETFramework,Version%3Dv4.5"
		Debug.AspNetCompiler.VirtualPath = "/X2Service"
		Debug.AspNetCompiler.PhysicalPath = "..\..\..\..\..\..\inetpub\wwwroot\X2Service\"
		Debug.AspNetCompiler.TargetPath = "PrecompiledWeb\X2Service\"
		Debug.AspNetCompiler.Updateable = "true"
		Debug.AspNetCompiler.ForceOverwrite = "true"
		Debug.AspNetCompiler.FixedNames = "false"
		Debug.AspNetCompiler.Debug = "True"
		Release.AspNetCompiler.VirtualPath = "/X2Service"
		Release.AspNetCompiler.PhysicalPath = "..\..\..\..\..\..\inetpub\wwwroot\X2Service\"
		Release.AspNetCompiler.TargetPath = "PrecompiledWeb\X2Service\"
		Release.AspNetCompiler.Updateable = "true"
		Release.AspNetCompiler.ForceOverwrite = "true"
		Release.AspNetCompiler.FixedNames = "false"
		Release.AspNetCompiler.Debug = "False"
		SlnRelativePath = "..\..\..\..\..\..\inetpub\wwwroot\X2Service\"
	EndProjectSection
EndProject
Project("{FAE04EC0-301F-11D3-BF4B-00C04F79EFBC}") = "SAHL.Config.Services.X2.Server", "..\SAHL.Config.Services.X2.Server\SAHL.Config.Services.X2.Server.csproj", "{4776BE99-3144-4301-A7F9-E15EE1E46900}"
EndProject
Global
	GlobalSection(SolutionConfigurationPlatforms) = preSolution
		Debug|Any CPU = Debug|Any CPU
		Release|Any CPU = Release|Any CPU
	EndGlobalSection
	GlobalSection(ProjectConfigurationPlatforms) = postSolution
		{99AD51BC-2BB3-4098-B6EF-6CEC6A5F9C09}.Debug|Any CPU.ActiveCfg = Debug|Any CPU
		{99AD51BC-2BB3-4098-B6EF-6CEC6A5F9C09}.Debug|Any CPU.Build.0 = Debug|Any CPU
		{99AD51BC-2BB3-4098-B6EF-6CEC6A5F9C09}.Release|Any CPU.ActiveCfg = Debug|Any CPU
		{99AD51BC-2BB3-4098-B6EF-6CEC6A5F9C09}.Release|Any CPU.Build.0 = Debug|Any CPU
		{4776BE99-3144-4301-A7F9-E15EE1E46900}.Debug|Any CPU.ActiveCfg = Debug|Any CPU
		{4776BE99-3144-4301-A7F9-E15EE1E46900}.Debug|Any CPU.Build.0 = Debug|Any CPU
		{4776BE99-3144-4301-A7F9-E15EE1E46900}.Release|Any CPU.ActiveCfg = Release|Any CPU
		{4776BE99-3144-4301-A7F9-E15EE1E46900}.Release|Any CPU.Build.0 = Release|Any CPU
	EndGlobalSection
	GlobalSection(SolutionProperties) = preSolution
		HideSolutionNode = FALSE
	EndGlobalSection
EndGlobal
