
Microsoft Visual Studio Solution File, Format Version 12.00
# Visual Studio 14
VisualStudioVersion = 14.0.23107.0
MinimumVisualStudioVersion = 10.0.40219.1
Project("{2150E333-8FDC-42A3-9474-1A3956D46DE8}") = "Shared", "Shared", "{0AC63073-B174-4B93-9159-A2FFBEF2B968}"
EndProject
Project("{2150E333-8FDC-42A3-9474-1A3956D46DE8}") = "Server", "Server", "{1932BEA2-08CE-4001-8AB4-BFAD0D123845}"
EndProject
Project("{FAE04EC0-301F-11D3-BF4B-00C04F79EFBC}") = "SAHL.Services.Interfaces.DomainProcessManager", "DomainProcessManager.Shared\SAHL.Services.Interfaces.DomainProcessManager\SAHL.Services.Interfaces.DomainProcessManager.csproj", "{050AA1CF-8B68-46B8-83B6-F5214474964A}"
EndProject
Project("{FAE04EC0-301F-11D3-BF4B-00C04F79EFBC}") = "SAHL.Services.Interfaces.DomainProcessManager.Tests", "DomainProcessManager.Shared\SAHL.Services.Interfaces.DomainProcessManager.Tests\SAHL.Services.Interfaces.DomainProcessManager.Tests.csproj", "{E72BE341-B032-464F-8045-636B85EF963D}"
EndProject
Project("{FAE04EC0-301F-11D3-BF4B-00C04F79EFBC}") = "SAHL.Services.DomainProcessManager", "DomainProcessManager.Server\SAHL.Services.DomainProcessManager\SAHL.Services.DomainProcessManager.csproj", "{13B23989-7050-4987-8673-5569A5D18135}"
EndProject
Project("{FAE04EC0-301F-11D3-BF4B-00C04F79EFBC}") = "SAHL.Config.Services.DomainProcessManager.Server", "DomainProcessManager.Server\SAHL.Config.Services.DomainProcessManager.Server\SAHL.Config.Services.DomainProcessManager.Server.csproj", "{081225DC-6A3D-4203-AA43-23A524FBB670}"
EndProject
Project("{FAE04EC0-301F-11D3-BF4B-00C04F79EFBC}") = "SAHL.Config.Services.DomainProcessManager.Server.Tests", "DomainProcessManager.Server\SAHL.Config.Services.DomainProcessManager.Server.Tests\SAHL.Config.Services.DomainProcessManager.Server.Tests.csproj", "{E590A050-F0DA-4BCC-A1EA-C829271769CF}"
EndProject
Project("{FAE04EC0-301F-11D3-BF4B-00C04F79EFBC}") = "SAHL.Services.DomainProcessManager.Tests", "DomainProcessManager.Server\SAHL.Services.DomainProcessManager.Tests\SAHL.Services.DomainProcessManager.Tests.csproj", "{82BA26E8-D366-4B5F-9102-476DB1D17328}"
EndProject
Project("{2150E333-8FDC-42A3-9474-1A3956D46DE8}") = "DomainProcesses", "DomainProcesses", "{7501DB4F-B5BE-4EE2-9514-3FAA63F2CF19}"
EndProject
Project("{FAE04EC0-301F-11D3-BF4B-00C04F79EFBC}") = "SAHL.Config.Services.DomainProcessManager.Client", "DomainProcessManager.Shared\SAHL.Config.Services.DomainProcessManager.Client\SAHL.Config.Services.DomainProcessManager.Client.csproj", "{9FCA2DCF-B5FC-40E4-9DE8-CE25B8859DC5}"
EndProject
Project("{FAE04EC0-301F-11D3-BF4B-00C04F79EFBC}") = "SAHL.Services.DomainProcessManager.Specs", "DomainProcessManager.Shared\SAHL.Services.DomainProcessManager.Specs\SAHL.Services.DomainProcessManager.Specs.csproj", "{98E915E2-5EDE-4D3A-A730-2BBE7A6C2E92}"
EndProject
Project("{FAE04EC0-301F-11D3-BF4B-00C04F79EFBC}") = "SAHL.Services.DomainProcessManager.Console", "DomainProcessManager.Shared\SAHL.Services.DomainProcessManager.Console\SAHL.Services.DomainProcessManager.Console.csproj", "{C5A96B47-3CD3-4E32-A81A-636FFE3272F0}"
EndProject
Project("{FAE04EC0-301F-11D3-BF4B-00C04F79EFBC}") = "SAHL.DomainProcessManager.Models", "DomainProcessManager.Shared\SAHL.DomainProcessManager.Models\SAHL.DomainProcessManager.Models.csproj", "{45484F4F-984F-4A62-A0B4-7334BAFA20F3}"
EndProject
Project("{FAE04EC0-301F-11D3-BF4B-00C04F79EFBC}") = "SAHL.Config.DomainManager.DomainProcesses", "DomainProcessManager.DomainProcesses\SAHL.Config.DomainManager.DomainProcesses\SAHL.Config.DomainManager.DomainProcesses.csproj", "{23175FF2-2AF9-4068-B966-36398D034E03}"
EndProject
Project("{FAE04EC0-301F-11D3-BF4B-00C04F79EFBC}") = "SAHL.Config.DomainManager.DomainProcesses.Tests", "DomainProcessManager.DomainProcesses\SAHL.Config.DomainManager.DomainProcesses.Tests\SAHL.Config.DomainManager.DomainProcesses.Tests.csproj", "{9D383876-3085-4E8B-BB63-8A95453E36C2}"
EndProject
Project("{FAE04EC0-301F-11D3-BF4B-00C04F79EFBC}") = "SAHL.DomainProcessManager.DomainProcesses.Specs", "DomainProcessManager.DomainProcesses\SAHL.DomainManager.DomainProcesses.Specs\SAHL.DomainProcessManager.DomainProcesses.Specs.csproj", "{7B87BF46-E909-46A6-9633-C252EBEE7651}"
EndProject
Project("{FAE04EC0-301F-11D3-BF4B-00C04F79EFBC}") = "SAHL.DomainProcessManager.DomainProcesses", "DomainProcessManager.DomainProcesses\SAHL.DomainProcessManager.DomainProcesses\SAHL.DomainProcessManager.DomainProcesses.csproj", "{91FFF4FD-D4AB-4897-B8FA-4C8DB2EC8DA4}"
EndProject
Project("{FAE04EC0-301F-11D3-BF4B-00C04F79EFBC}") = "SAHL.DomainProcessManager.DomainProcesses.Tests", "DomainProcessManager.DomainProcesses\SAHL.DomainProcessManager.DomainProcesses.Tests\SAHL.DomainProcessManager.DomainProcesses.Tests.csproj", "{3ACDC922-A784-4199-A408-F11C4BE231BC}"
EndProject
Global
	GlobalSection(SolutionConfigurationPlatforms) = preSolution
		Debug|Any CPU = Debug|Any CPU
		Release|Any CPU = Release|Any CPU
	EndGlobalSection
	GlobalSection(ProjectConfigurationPlatforms) = postSolution
		{050AA1CF-8B68-46B8-83B6-F5214474964A}.Debug|Any CPU.ActiveCfg = Debug|Any CPU
		{050AA1CF-8B68-46B8-83B6-F5214474964A}.Debug|Any CPU.Build.0 = Debug|Any CPU
		{050AA1CF-8B68-46B8-83B6-F5214474964A}.Release|Any CPU.ActiveCfg = Release|Any CPU
		{050AA1CF-8B68-46B8-83B6-F5214474964A}.Release|Any CPU.Build.0 = Release|Any CPU
		{E72BE341-B032-464F-8045-636B85EF963D}.Debug|Any CPU.ActiveCfg = Debug|Any CPU
		{E72BE341-B032-464F-8045-636B85EF963D}.Debug|Any CPU.Build.0 = Debug|Any CPU
		{E72BE341-B032-464F-8045-636B85EF963D}.Release|Any CPU.ActiveCfg = Release|Any CPU
		{E72BE341-B032-464F-8045-636B85EF963D}.Release|Any CPU.Build.0 = Release|Any CPU
		{13B23989-7050-4987-8673-5569A5D18135}.Debug|Any CPU.ActiveCfg = Debug|Any CPU
		{13B23989-7050-4987-8673-5569A5D18135}.Debug|Any CPU.Build.0 = Debug|Any CPU
		{13B23989-7050-4987-8673-5569A5D18135}.Release|Any CPU.ActiveCfg = Release|Any CPU
		{13B23989-7050-4987-8673-5569A5D18135}.Release|Any CPU.Build.0 = Release|Any CPU
		{081225DC-6A3D-4203-AA43-23A524FBB670}.Debug|Any CPU.ActiveCfg = Debug|Any CPU
		{081225DC-6A3D-4203-AA43-23A524FBB670}.Debug|Any CPU.Build.0 = Debug|Any CPU
		{081225DC-6A3D-4203-AA43-23A524FBB670}.Release|Any CPU.ActiveCfg = Release|Any CPU
		{081225DC-6A3D-4203-AA43-23A524FBB670}.Release|Any CPU.Build.0 = Release|Any CPU
		{E590A050-F0DA-4BCC-A1EA-C829271769CF}.Debug|Any CPU.ActiveCfg = Debug|Any CPU
		{E590A050-F0DA-4BCC-A1EA-C829271769CF}.Debug|Any CPU.Build.0 = Debug|Any CPU
		{E590A050-F0DA-4BCC-A1EA-C829271769CF}.Release|Any CPU.ActiveCfg = Release|Any CPU
		{E590A050-F0DA-4BCC-A1EA-C829271769CF}.Release|Any CPU.Build.0 = Release|Any CPU
		{82BA26E8-D366-4B5F-9102-476DB1D17328}.Debug|Any CPU.ActiveCfg = Debug|Any CPU
		{82BA26E8-D366-4B5F-9102-476DB1D17328}.Debug|Any CPU.Build.0 = Debug|Any CPU
		{82BA26E8-D366-4B5F-9102-476DB1D17328}.Release|Any CPU.ActiveCfg = Release|Any CPU
		{82BA26E8-D366-4B5F-9102-476DB1D17328}.Release|Any CPU.Build.0 = Release|Any CPU
		{9FCA2DCF-B5FC-40E4-9DE8-CE25B8859DC5}.Debug|Any CPU.ActiveCfg = Debug|Any CPU
		{9FCA2DCF-B5FC-40E4-9DE8-CE25B8859DC5}.Debug|Any CPU.Build.0 = Debug|Any CPU
		{9FCA2DCF-B5FC-40E4-9DE8-CE25B8859DC5}.Release|Any CPU.ActiveCfg = Release|Any CPU
		{9FCA2DCF-B5FC-40E4-9DE8-CE25B8859DC5}.Release|Any CPU.Build.0 = Release|Any CPU
		{98E915E2-5EDE-4D3A-A730-2BBE7A6C2E92}.Debug|Any CPU.ActiveCfg = Debug|Any CPU
		{98E915E2-5EDE-4D3A-A730-2BBE7A6C2E92}.Debug|Any CPU.Build.0 = Debug|Any CPU
		{98E915E2-5EDE-4D3A-A730-2BBE7A6C2E92}.Release|Any CPU.ActiveCfg = Release|Any CPU
		{98E915E2-5EDE-4D3A-A730-2BBE7A6C2E92}.Release|Any CPU.Build.0 = Release|Any CPU
		{C5A96B47-3CD3-4E32-A81A-636FFE3272F0}.Debug|Any CPU.ActiveCfg = Debug|Any CPU
		{C5A96B47-3CD3-4E32-A81A-636FFE3272F0}.Debug|Any CPU.Build.0 = Debug|Any CPU
		{C5A96B47-3CD3-4E32-A81A-636FFE3272F0}.Release|Any CPU.ActiveCfg = Release|Any CPU
		{C5A96B47-3CD3-4E32-A81A-636FFE3272F0}.Release|Any CPU.Build.0 = Release|Any CPU
		{45484F4F-984F-4A62-A0B4-7334BAFA20F3}.Debug|Any CPU.ActiveCfg = Debug|Any CPU
		{45484F4F-984F-4A62-A0B4-7334BAFA20F3}.Debug|Any CPU.Build.0 = Debug|Any CPU
		{45484F4F-984F-4A62-A0B4-7334BAFA20F3}.Release|Any CPU.ActiveCfg = Release|Any CPU
		{45484F4F-984F-4A62-A0B4-7334BAFA20F3}.Release|Any CPU.Build.0 = Release|Any CPU
		{23175FF2-2AF9-4068-B966-36398D034E03}.Debug|Any CPU.ActiveCfg = Debug|Any CPU
		{23175FF2-2AF9-4068-B966-36398D034E03}.Debug|Any CPU.Build.0 = Debug|Any CPU
		{23175FF2-2AF9-4068-B966-36398D034E03}.Release|Any CPU.ActiveCfg = Release|Any CPU
		{23175FF2-2AF9-4068-B966-36398D034E03}.Release|Any CPU.Build.0 = Release|Any CPU
		{9D383876-3085-4E8B-BB63-8A95453E36C2}.Debug|Any CPU.ActiveCfg = Debug|Any CPU
		{9D383876-3085-4E8B-BB63-8A95453E36C2}.Debug|Any CPU.Build.0 = Debug|Any CPU
		{9D383876-3085-4E8B-BB63-8A95453E36C2}.Release|Any CPU.ActiveCfg = Release|Any CPU
		{9D383876-3085-4E8B-BB63-8A95453E36C2}.Release|Any CPU.Build.0 = Release|Any CPU
		{7B87BF46-E909-46A6-9633-C252EBEE7651}.Debug|Any CPU.ActiveCfg = Debug|Any CPU
		{7B87BF46-E909-46A6-9633-C252EBEE7651}.Debug|Any CPU.Build.0 = Debug|Any CPU
		{7B87BF46-E909-46A6-9633-C252EBEE7651}.Release|Any CPU.ActiveCfg = Release|Any CPU
		{7B87BF46-E909-46A6-9633-C252EBEE7651}.Release|Any CPU.Build.0 = Release|Any CPU
		{91FFF4FD-D4AB-4897-B8FA-4C8DB2EC8DA4}.Debug|Any CPU.ActiveCfg = Debug|Any CPU
		{91FFF4FD-D4AB-4897-B8FA-4C8DB2EC8DA4}.Debug|Any CPU.Build.0 = Debug|Any CPU
		{91FFF4FD-D4AB-4897-B8FA-4C8DB2EC8DA4}.Release|Any CPU.ActiveCfg = Release|Any CPU
		{91FFF4FD-D4AB-4897-B8FA-4C8DB2EC8DA4}.Release|Any CPU.Build.0 = Release|Any CPU
		{3ACDC922-A784-4199-A408-F11C4BE231BC}.Debug|Any CPU.ActiveCfg = Debug|Any CPU
		{3ACDC922-A784-4199-A408-F11C4BE231BC}.Debug|Any CPU.Build.0 = Debug|Any CPU
		{3ACDC922-A784-4199-A408-F11C4BE231BC}.Release|Any CPU.ActiveCfg = Release|Any CPU
		{3ACDC922-A784-4199-A408-F11C4BE231BC}.Release|Any CPU.Build.0 = Release|Any CPU
	EndGlobalSection
	GlobalSection(SolutionProperties) = preSolution
		HideSolutionNode = FALSE
	EndGlobalSection
	GlobalSection(NestedProjects) = preSolution
		{050AA1CF-8B68-46B8-83B6-F5214474964A} = {0AC63073-B174-4B93-9159-A2FFBEF2B968}
		{E72BE341-B032-464F-8045-636B85EF963D} = {0AC63073-B174-4B93-9159-A2FFBEF2B968}
		{13B23989-7050-4987-8673-5569A5D18135} = {1932BEA2-08CE-4001-8AB4-BFAD0D123845}
		{081225DC-6A3D-4203-AA43-23A524FBB670} = {1932BEA2-08CE-4001-8AB4-BFAD0D123845}
		{E590A050-F0DA-4BCC-A1EA-C829271769CF} = {1932BEA2-08CE-4001-8AB4-BFAD0D123845}
		{82BA26E8-D366-4B5F-9102-476DB1D17328} = {1932BEA2-08CE-4001-8AB4-BFAD0D123845}
		{9FCA2DCF-B5FC-40E4-9DE8-CE25B8859DC5} = {0AC63073-B174-4B93-9159-A2FFBEF2B968}
		{98E915E2-5EDE-4D3A-A730-2BBE7A6C2E92} = {0AC63073-B174-4B93-9159-A2FFBEF2B968}
		{C5A96B47-3CD3-4E32-A81A-636FFE3272F0} = {0AC63073-B174-4B93-9159-A2FFBEF2B968}
		{45484F4F-984F-4A62-A0B4-7334BAFA20F3} = {0AC63073-B174-4B93-9159-A2FFBEF2B968}
		{23175FF2-2AF9-4068-B966-36398D034E03} = {7501DB4F-B5BE-4EE2-9514-3FAA63F2CF19}
		{9D383876-3085-4E8B-BB63-8A95453E36C2} = {7501DB4F-B5BE-4EE2-9514-3FAA63F2CF19}
		{7B87BF46-E909-46A6-9633-C252EBEE7651} = {7501DB4F-B5BE-4EE2-9514-3FAA63F2CF19}
		{91FFF4FD-D4AB-4897-B8FA-4C8DB2EC8DA4} = {7501DB4F-B5BE-4EE2-9514-3FAA63F2CF19}
		{3ACDC922-A784-4199-A408-F11C4BE231BC} = {7501DB4F-B5BE-4EE2-9514-3FAA63F2CF19}
	EndGlobalSection
EndGlobal
