
Microsoft Visual Studio Solution File, Format Version 12.00
# Visual Studio 2012
Project("{FAE04EC0-301F-11D3-BF4B-00C04F79EFBC}") = "SAHL.Tools.MSBuildExtensions.Console", "SAHL.Tools.MSBuildExtensions.Console\SAHL.Tools.MSBuildExtensions.Console.csproj", "{9F5DACDF-29F3-4317-ABC5-2CFF41C79E21}"
EndProject
Project("{FAE04EC0-301F-11D3-BF4B-00C04F79EFBC}") = "SAHL.Tools.MSBuildExtensions", "SAHL.Tools.MSBuildExtensions\SAHL.Tools.MSBuildExtensions.csproj", "{1EBE44D2-0FB7-4FA7-8FD6-581063130458}"
EndProject
Global
	GlobalSection(SolutionConfigurationPlatforms) = preSolution
		Debug|Any CPU = Debug|Any CPU
		Release|Any CPU = Release|Any CPU
	EndGlobalSection
	GlobalSection(ProjectConfigurationPlatforms) = postSolution
		{9F5DACDF-29F3-4317-ABC5-2CFF41C79E21}.Debug|Any CPU.ActiveCfg = Debug|Any CPU
		{9F5DACDF-29F3-4317-ABC5-2CFF41C79E21}.Debug|Any CPU.Build.0 = Debug|Any CPU
		{9F5DACDF-29F3-4317-ABC5-2CFF41C79E21}.Release|Any CPU.ActiveCfg = Release|Any CPU
		{9F5DACDF-29F3-4317-ABC5-2CFF41C79E21}.Release|Any CPU.Build.0 = Release|Any CPU
		{1EBE44D2-0FB7-4FA7-8FD6-581063130458}.Debug|Any CPU.ActiveCfg = Debug|Any CPU
		{1EBE44D2-0FB7-4FA7-8FD6-581063130458}.Debug|Any CPU.Build.0 = Debug|Any CPU
		{1EBE44D2-0FB7-4FA7-8FD6-581063130458}.Release|Any CPU.ActiveCfg = Release|Any CPU
		{1EBE44D2-0FB7-4FA7-8FD6-581063130458}.Release|Any CPU.Build.0 = Release|Any CPU
	EndGlobalSection
	GlobalSection(SolutionProperties) = preSolution
		HideSolutionNode = FALSE
	EndGlobalSection
EndGlobal
