
Microsoft Visual Studio Solution File, Format Version 12.00
# Visual Studio 2013
VisualStudioVersion = 12.0.30501.0
MinimumVisualStudioVersion = 10.0.40219.1
Project("{FAE04EC0-301F-11D3-BF4B-00C04F79EFBC}") = "SAHL.DecisionTree.Shared", "SAHL.DecisionTree.Shared\SAHL.DecisionTree.Shared.csproj", "{3FB45A76-258E-4870-8D3A-F7AE0A81DB56}"
EndProject
Project("{FAE04EC0-301F-11D3-BF4B-00C04F79EFBC}") = "SAHL.DecisionTree.Shared.Specs", "SAHL.DecisionTree.Shared.Specs\SAHL.DecisionTree.Shared.Specs.csproj", "{472298A0-67CC-416E-BAFF-0C1884447A1F}"
	ProjectSection(ProjectDependencies) = postProject
		{3FB45A76-258E-4870-8D3A-F7AE0A81DB56} = {3FB45A76-258E-4870-8D3A-F7AE0A81DB56}
	EndProjectSection
EndProject
Project("{FAE04EC0-301F-11D3-BF4B-00C04F79EFBC}") = "SAHL.DecisionTree.TreeTests", "SAHL.DecisionTree.TreeTests\SAHL.DecisionTree.TreeTests.csproj", "{5361688A-15AD-4146-ADA0-54D219174F67}"
EndProject
Global
	GlobalSection(SolutionConfigurationPlatforms) = preSolution
		Debug|Any CPU = Debug|Any CPU
		Release|Any CPU = Release|Any CPU
	EndGlobalSection
	GlobalSection(ProjectConfigurationPlatforms) = postSolution
		{3FB45A76-258E-4870-8D3A-F7AE0A81DB56}.Debug|Any CPU.ActiveCfg = Debug|Any CPU
		{3FB45A76-258E-4870-8D3A-F7AE0A81DB56}.Debug|Any CPU.Build.0 = Debug|Any CPU
		{3FB45A76-258E-4870-8D3A-F7AE0A81DB56}.Release|Any CPU.ActiveCfg = Release|Any CPU
		{3FB45A76-258E-4870-8D3A-F7AE0A81DB56}.Release|Any CPU.Build.0 = Release|Any CPU
		{472298A0-67CC-416E-BAFF-0C1884447A1F}.Debug|Any CPU.ActiveCfg = Debug|Any CPU
		{472298A0-67CC-416E-BAFF-0C1884447A1F}.Debug|Any CPU.Build.0 = Debug|Any CPU
		{472298A0-67CC-416E-BAFF-0C1884447A1F}.Release|Any CPU.ActiveCfg = Release|Any CPU
		{472298A0-67CC-416E-BAFF-0C1884447A1F}.Release|Any CPU.Build.0 = Release|Any CPU
		{5361688A-15AD-4146-ADA0-54D219174F67}.Debug|Any CPU.ActiveCfg = Debug|Any CPU
		{5361688A-15AD-4146-ADA0-54D219174F67}.Debug|Any CPU.Build.0 = Debug|Any CPU
		{5361688A-15AD-4146-ADA0-54D219174F67}.Release|Any CPU.ActiveCfg = Release|Any CPU
		{5361688A-15AD-4146-ADA0-54D219174F67}.Release|Any CPU.Build.0 = Release|Any CPU
	EndGlobalSection
	GlobalSection(SolutionProperties) = preSolution
		HideSolutionNode = FALSE
	EndGlobalSection
EndGlobal
