
Microsoft Visual Studio Solution File, Format Version 11.00
# Visual Studio 2010
Project("{FAE04EC0-301F-11D3-BF4B-00C04F79EFBC}") = "SAHL.Common.WebServices", "SAHL.Common.WebServices.csproj", "{2EC7D5F7-4BB1-4168-B85F-A18F44A0A06E}"
EndProject
Global
	GlobalSection(SolutionConfigurationPlatforms) = preSolution
		Debug|Any CPU = Debug|Any CPU
		Release|Any CPU = Release|Any CPU
	EndGlobalSection
	GlobalSection(ProjectConfigurationPlatforms) = postSolution
		{2EC7D5F7-4BB1-4168-B85F-A18F44A0A06E}.Debug|Any CPU.ActiveCfg = Debug|Any CPU
		{2EC7D5F7-4BB1-4168-B85F-A18F44A0A06E}.Debug|Any CPU.Build.0 = Debug|Any CPU
		{2EC7D5F7-4BB1-4168-B85F-A18F44A0A06E}.Release|Any CPU.ActiveCfg = Release|Any CPU
		{2EC7D5F7-4BB1-4168-B85F-A18F44A0A06E}.Release|Any CPU.Build.0 = Release|Any CPU
	EndGlobalSection
	GlobalSection(SolutionProperties) = preSolution
		HideSolutionNode = FALSE
	EndGlobalSection
EndGlobal
