
Microsoft Visual Studio Solution File, Format Version 12.00
# Visual Studio 2013
VisualStudioVersion = 12.0.31101.0
MinimumVisualStudioVersion = 10.0.40219.1
Project("{2150E333-8FDC-42A3-9474-1A3956D46DE8}") = "Server", "Server", "{439FEA30-CF10-47B6-98F3-38B236433210}"
EndProject
Project("{2150E333-8FDC-42A3-9474-1A3956D46DE8}") = "Shared", "Shared", "{DA984EA6-A577-47C8-A239-103D53F88324}"
EndProject
Project("{FAE04EC0-301F-11D3-BF4B-00C04F79EFBC}") = "SAHL.Services.Interfaces.Halo", "Halo.Shared\SAHL.Services.Interfaces.Halo\SAHL.Services.Interfaces.Halo.csproj", "{0F35B82C-5602-4DC0-A054-F9EA36363180}"
EndProject
Project("{FAE04EC0-301F-11D3-BF4B-00C04F79EFBC}") = "SAHL.Config.Services.Halo.Client", "Halo.Shared\SAHL.Config.Services.Halo.Client\SAHL.Config.Services.Halo.Client.csproj", "{4A6187EB-05A0-4E98-A158-7C5FBEF736C1}"
EndProject
Project("{FAE04EC0-301F-11D3-BF4B-00C04F79EFBC}") = "SAHL.Config.Services.Halo.Client.Tests", "Halo.Shared\SAHL.Config.Services.Halo.Client.Tests\SAHL.Config.Services.Halo.Client.Tests.csproj", "{046CB52F-8693-4D76-876D-FDD676BE5814}"
EndProject
Project("{FAE04EC0-301F-11D3-BF4B-00C04F79EFBC}") = "SAHL.Services.Interfaces.Tests", "Halo.Shared\SAHL.Services.Interfaces.Tests\SAHL.Services.Interfaces.Tests.csproj", "{32458D68-3AC6-4F7A-80BD-81A4CB3A8BBD}"
EndProject
Project("{FAE04EC0-301F-11D3-BF4B-00C04F79EFBC}") = "SAHL.Services.Halo.Server", "Halo.Server\SAHL.Services.Halo.Server\SAHL.Services.Halo.Server.csproj", "{90B01065-3D0B-47CC-8154-E5016E05D166}"
EndProject
Project("{FAE04EC0-301F-11D3-BF4B-00C04F79EFBC}") = "SAHL.Config.Services.Halo.Server", "Halo.Server\SAHL.Config.Services.Halo.Server\SAHL.Config.Services.Halo.Server.csproj", "{BD45766C-0FD2-4334-AD11-2A9AF4C3105D}"
EndProject
Project("{FAE04EC0-301F-11D3-BF4B-00C04F79EFBC}") = "SAHL.Config.Services.Halo.Server.Tests", "Halo.Server\SAHL.Config.Services.Halo.Server.Tests\SAHL.Config.Services.Halo.Server.Tests.csproj", "{F37EBA95-AC88-4A13-923C-18909CD57E9F}"
EndProject
Project("{FAE04EC0-301F-11D3-BF4B-00C04F79EFBC}") = "SAHL.Services.Halo.Server.Tests", "Halo.Server\SAHL.Services.Halo.Server.Tests\SAHL.Services.Halo.Server.Tests.csproj", "{4C5E4A35-E722-4BCA-8C53-B25B0896AFF1}"
EndProject
Global
	GlobalSection(SolutionConfigurationPlatforms) = preSolution
		Debug|Any CPU = Debug|Any CPU
		Release|Any CPU = Release|Any CPU
	EndGlobalSection
	GlobalSection(ProjectConfigurationPlatforms) = postSolution
		{0F35B82C-5602-4DC0-A054-F9EA36363180}.Debug|Any CPU.ActiveCfg = Debug|Any CPU
		{0F35B82C-5602-4DC0-A054-F9EA36363180}.Debug|Any CPU.Build.0 = Debug|Any CPU
		{0F35B82C-5602-4DC0-A054-F9EA36363180}.Release|Any CPU.ActiveCfg = Release|Any CPU
		{0F35B82C-5602-4DC0-A054-F9EA36363180}.Release|Any CPU.Build.0 = Release|Any CPU
		{4A6187EB-05A0-4E98-A158-7C5FBEF736C1}.Debug|Any CPU.ActiveCfg = Debug|Any CPU
		{4A6187EB-05A0-4E98-A158-7C5FBEF736C1}.Debug|Any CPU.Build.0 = Debug|Any CPU
		{4A6187EB-05A0-4E98-A158-7C5FBEF736C1}.Release|Any CPU.ActiveCfg = Release|Any CPU
		{4A6187EB-05A0-4E98-A158-7C5FBEF736C1}.Release|Any CPU.Build.0 = Release|Any CPU
		{046CB52F-8693-4D76-876D-FDD676BE5814}.Debug|Any CPU.ActiveCfg = Debug|Any CPU
		{046CB52F-8693-4D76-876D-FDD676BE5814}.Debug|Any CPU.Build.0 = Debug|Any CPU
		{046CB52F-8693-4D76-876D-FDD676BE5814}.Release|Any CPU.ActiveCfg = Release|Any CPU
		{046CB52F-8693-4D76-876D-FDD676BE5814}.Release|Any CPU.Build.0 = Release|Any CPU
		{32458D68-3AC6-4F7A-80BD-81A4CB3A8BBD}.Debug|Any CPU.ActiveCfg = Debug|Any CPU
		{32458D68-3AC6-4F7A-80BD-81A4CB3A8BBD}.Debug|Any CPU.Build.0 = Debug|Any CPU
		{32458D68-3AC6-4F7A-80BD-81A4CB3A8BBD}.Release|Any CPU.ActiveCfg = Release|Any CPU
		{32458D68-3AC6-4F7A-80BD-81A4CB3A8BBD}.Release|Any CPU.Build.0 = Release|Any CPU
		{90B01065-3D0B-47CC-8154-E5016E05D166}.Debug|Any CPU.ActiveCfg = Debug|Any CPU
		{90B01065-3D0B-47CC-8154-E5016E05D166}.Debug|Any CPU.Build.0 = Debug|Any CPU
		{90B01065-3D0B-47CC-8154-E5016E05D166}.Release|Any CPU.ActiveCfg = Release|Any CPU
		{90B01065-3D0B-47CC-8154-E5016E05D166}.Release|Any CPU.Build.0 = Release|Any CPU
		{BD45766C-0FD2-4334-AD11-2A9AF4C3105D}.Debug|Any CPU.ActiveCfg = Debug|Any CPU
		{BD45766C-0FD2-4334-AD11-2A9AF4C3105D}.Debug|Any CPU.Build.0 = Debug|Any CPU
		{BD45766C-0FD2-4334-AD11-2A9AF4C3105D}.Release|Any CPU.ActiveCfg = Release|Any CPU
		{BD45766C-0FD2-4334-AD11-2A9AF4C3105D}.Release|Any CPU.Build.0 = Release|Any CPU
		{F37EBA95-AC88-4A13-923C-18909CD57E9F}.Debug|Any CPU.ActiveCfg = Debug|Any CPU
		{F37EBA95-AC88-4A13-923C-18909CD57E9F}.Debug|Any CPU.Build.0 = Debug|Any CPU
		{F37EBA95-AC88-4A13-923C-18909CD57E9F}.Release|Any CPU.ActiveCfg = Release|Any CPU
		{F37EBA95-AC88-4A13-923C-18909CD57E9F}.Release|Any CPU.Build.0 = Release|Any CPU
		{4C5E4A35-E722-4BCA-8C53-B25B0896AFF1}.Debug|Any CPU.ActiveCfg = Debug|Any CPU
		{4C5E4A35-E722-4BCA-8C53-B25B0896AFF1}.Debug|Any CPU.Build.0 = Debug|Any CPU
		{4C5E4A35-E722-4BCA-8C53-B25B0896AFF1}.Release|Any CPU.ActiveCfg = Release|Any CPU
		{4C5E4A35-E722-4BCA-8C53-B25B0896AFF1}.Release|Any CPU.Build.0 = Release|Any CPU
	EndGlobalSection
	GlobalSection(SolutionProperties) = preSolution
		HideSolutionNode = FALSE
	EndGlobalSection
	GlobalSection(NestedProjects) = preSolution
		{0F35B82C-5602-4DC0-A054-F9EA36363180} = {DA984EA6-A577-47C8-A239-103D53F88324}
		{4A6187EB-05A0-4E98-A158-7C5FBEF736C1} = {DA984EA6-A577-47C8-A239-103D53F88324}
		{046CB52F-8693-4D76-876D-FDD676BE5814} = {DA984EA6-A577-47C8-A239-103D53F88324}
		{32458D68-3AC6-4F7A-80BD-81A4CB3A8BBD} = {DA984EA6-A577-47C8-A239-103D53F88324}
		{90B01065-3D0B-47CC-8154-E5016E05D166} = {439FEA30-CF10-47B6-98F3-38B236433210}
		{BD45766C-0FD2-4334-AD11-2A9AF4C3105D} = {439FEA30-CF10-47B6-98F3-38B236433210}
		{F37EBA95-AC88-4A13-923C-18909CD57E9F} = {439FEA30-CF10-47B6-98F3-38B236433210}
		{4C5E4A35-E722-4BCA-8C53-B25B0896AFF1} = {439FEA30-CF10-47B6-98F3-38B236433210}
	EndGlobalSection
EndGlobal
