Microsoft Visual Studio Solution File, Format Version 12.00
# Visual Studio 2012
Project("{FAE04EC0-301F-11D3-BF4B-00C04F79EFBC}") = "SAHL.Web", "SAHL.Web\SAHL.Web.csproj", "{E0420598-94AA-497E-A483-77670D6CC159}"
EndProject
Global
	GlobalSection(SolutionConfigurationPlatforms) = preSolution
		Debug|Any CPU = Debug|Any CPU
		Debug|x86 = Debug|x86
		DEVA|Any CPU = DEVA|Any CPU
		DEVA|x86 = DEVA|x86
		DEVB|Any CPU = DEVB|Any CPU
		DEVB|x86 = DEVB|x86
		DEVS|Any CPU = DEVS|Any CPU
		DEVS|x86 = DEVS|x86
		PROD_DR|Any CPU = PROD_DR|Any CPU
		PROD_DR|x86 = PROD_DR|x86
		PROD|Any CPU = PROD|Any CPU
		PROD|x86 = PROD|x86
		Release|Any CPU = Release|Any CPU
		Release|x86 = Release|x86
		SYSTESTA|Any CPU = SYSTESTA|Any CPU
		SYSTESTA|x86 = SYSTESTA|x86
		SYSTESTB|Any CPU = SYSTESTB|Any CPU
		SYSTESTB|x86 = SYSTESTB|x86
		SYSTESTS|Any CPU = SYSTESTS|Any CPU
		SYSTESTS|x86 = SYSTESTS|x86
		UAT|Any CPU = UAT|Any CPU
		UAT|x86 = UAT|x86
		UAT2|Any CPU = UAT2|Any CPU
		UAT2|x86 = UAT2|x86
	EndGlobalSection
	GlobalSection(ProjectConfigurationPlatforms) = postSolution
		{E0420598-94AA-497E-A483-77670D6CC159}.Debug|Any CPU.ActiveCfg = Debug|Any CPU
		{E0420598-94AA-497E-A483-77670D6CC159}.Debug|Any CPU.Build.0 = Debug|Any CPU
		{E0420598-94AA-497E-A483-77670D6CC159}.Debug|x86.ActiveCfg = Debug|x86
		{E0420598-94AA-497E-A483-77670D6CC159}.Debug|x86.Build.0 = Debug|x86
		{E0420598-94AA-497E-A483-77670D6CC159}.DEVA|Any CPU.ActiveCfg = PROD_DR|Any CPU
		{E0420598-94AA-497E-A483-77670D6CC159}.DEVA|Any CPU.Build.0 = PROD_DR|Any CPU
		{E0420598-94AA-497E-A483-77670D6CC159}.DEVA|x86.ActiveCfg = Release|x86
		{E0420598-94AA-497E-A483-77670D6CC159}.DEVA|x86.Build.0 = Release|x86
		{E0420598-94AA-497E-A483-77670D6CC159}.DEVB|Any CPU.ActiveCfg = Release|Any CPU
		{E0420598-94AA-497E-A483-77670D6CC159}.DEVB|Any CPU.Build.0 = Release|Any CPU
		{E0420598-94AA-497E-A483-77670D6CC159}.DEVB|x86.ActiveCfg = Release|x86
		{E0420598-94AA-497E-A483-77670D6CC159}.DEVB|x86.Build.0 = Release|x86
		{E0420598-94AA-497E-A483-77670D6CC159}.DEVS|Any CPU.ActiveCfg = Release|Any CPU
		{E0420598-94AA-497E-A483-77670D6CC159}.DEVS|Any CPU.Build.0 = Release|Any CPU
		{E0420598-94AA-497E-A483-77670D6CC159}.DEVS|x86.ActiveCfg = Release|x86
		{E0420598-94AA-497E-A483-77670D6CC159}.DEVS|x86.Build.0 = Release|x86
		{E0420598-94AA-497E-A483-77670D6CC159}.PROD_DR|Any CPU.ActiveCfg = Release|Any CPU
		{E0420598-94AA-497E-A483-77670D6CC159}.PROD_DR|Any CPU.Build.0 = Release|Any CPU
		{E0420598-94AA-497E-A483-77670D6CC159}.PROD_DR|x86.ActiveCfg = Release|x86
		{E0420598-94AA-497E-A483-77670D6CC159}.PROD_DR|x86.Build.0 = Release|x86
		{E0420598-94AA-497E-A483-77670D6CC159}.PROD|Any CPU.ActiveCfg = Release|Any CPU
		{E0420598-94AA-497E-A483-77670D6CC159}.PROD|Any CPU.Build.0 = Release|Any CPU
		{E0420598-94AA-497E-A483-77670D6CC159}.PROD|x86.ActiveCfg = Release|x86
		{E0420598-94AA-497E-A483-77670D6CC159}.PROD|x86.Build.0 = Release|x86
		{E0420598-94AA-497E-A483-77670D6CC159}.Release|Any CPU.ActiveCfg = Release|Any CPU
		{E0420598-94AA-497E-A483-77670D6CC159}.Release|Any CPU.Build.0 = Release|Any CPU
		{E0420598-94AA-497E-A483-77670D6CC159}.Release|x86.ActiveCfg = Release|x86
		{E0420598-94AA-497E-A483-77670D6CC159}.Release|x86.Build.0 = Release|x86
		{E0420598-94AA-497E-A483-77670D6CC159}.SYSTESTA|Any CPU.ActiveCfg = Release|Any CPU
		{E0420598-94AA-497E-A483-77670D6CC159}.SYSTESTA|Any CPU.Build.0 = Release|Any CPU
		{E0420598-94AA-497E-A483-77670D6CC159}.SYSTESTA|x86.ActiveCfg = Release|x86
		{E0420598-94AA-497E-A483-77670D6CC159}.SYSTESTA|x86.Build.0 = Release|x86
		{E0420598-94AA-497E-A483-77670D6CC159}.SYSTESTB|Any CPU.ActiveCfg = Release|Any CPU
		{E0420598-94AA-497E-A483-77670D6CC159}.SYSTESTB|Any CPU.Build.0 = Release|Any CPU
		{E0420598-94AA-497E-A483-77670D6CC159}.SYSTESTB|x86.ActiveCfg = Release|x86
		{E0420598-94AA-497E-A483-77670D6CC159}.SYSTESTB|x86.Build.0 = Release|x86
		{E0420598-94AA-497E-A483-77670D6CC159}.SYSTESTS|Any CPU.ActiveCfg = Release|Any CPU
		{E0420598-94AA-497E-A483-77670D6CC159}.SYSTESTS|Any CPU.Build.0 = Release|Any CPU
		{E0420598-94AA-497E-A483-77670D6CC159}.SYSTESTS|x86.ActiveCfg = Release|x86
		{E0420598-94AA-497E-A483-77670D6CC159}.SYSTESTS|x86.Build.0 = Release|x86
		{E0420598-94AA-497E-A483-77670D6CC159}.UAT|Any CPU.ActiveCfg = Release|x86
		{E0420598-94AA-497E-A483-77670D6CC159}.UAT|x86.ActiveCfg = Release|x86
		{E0420598-94AA-497E-A483-77670D6CC159}.UAT|x86.Build.0 = Release|x86
		{E0420598-94AA-497E-A483-77670D6CC159}.UAT2|Any CPU.ActiveCfg = Release|x86
		{E0420598-94AA-497E-A483-77670D6CC159}.UAT2|x86.ActiveCfg = Release|x86
		{E0420598-94AA-497E-A483-77670D6CC159}.UAT2|x86.Build.0 = Release|x86
	EndGlobalSection
	GlobalSection(SolutionProperties) = preSolution
		HideSolutionNode = FALSE
	EndGlobalSection
	GlobalSection(SubversionScc) = preSolution
		Svn-Managed = True
		Manager = AnkhSVN - Subversion Support for Visual Studio
	EndGlobalSection
	GlobalSection(TextTemplating) = postSolution
		TextTemplating = 1
	EndGlobalSection
EndGlobal
