
Microsoft Visual Studio Solution File, Format Version 12.00
# Visual Studio 14
VisualStudioVersion = 14.0.22823.1
MinimumVisualStudioVersion = 10.0.40219.1
Project("{FAE04EC0-301F-11D3-BF4B-00C04F79EFBC}") = "SAHL.Shared.BusinessModel", "SAHL.Shared.BusinessModel\SAHL.Shared.BusinessModel.csproj", "{CE0BE2A9-2D31-45BB-9F37-53471D7BDE62}"
EndProject
Project("{FAE04EC0-301F-11D3-BF4B-00C04F79EFBC}") = "SAHL.Shared.BusinessModel.Specs", "SAHL.Shared.BusinessModel.Specs\SAHL.Shared.BusinessModel.Specs.csproj", "{CBEF8BDA-BD74-4537-90C5-EDB1BB2D4C8E}"
EndProject
Global
	GlobalSection(SolutionConfigurationPlatforms) = preSolution
		Debug|Any CPU = Debug|Any CPU
		Release|Any CPU = Release|Any CPU
	EndGlobalSection
	GlobalSection(ProjectConfigurationPlatforms) = postSolution
		{CE0BE2A9-2D31-45BB-9F37-53471D7BDE62}.Debug|Any CPU.ActiveCfg = Debug|Any CPU
		{CE0BE2A9-2D31-45BB-9F37-53471D7BDE62}.Debug|Any CPU.Build.0 = Debug|Any CPU
		{CE0BE2A9-2D31-45BB-9F37-53471D7BDE62}.Release|Any CPU.ActiveCfg = Release|Any CPU
		{CE0BE2A9-2D31-45BB-9F37-53471D7BDE62}.Release|Any CPU.Build.0 = Release|Any CPU
		{CBEF8BDA-BD74-4537-90C5-EDB1BB2D4C8E}.Debug|Any CPU.ActiveCfg = Debug|Any CPU
		{CBEF8BDA-BD74-4537-90C5-EDB1BB2D4C8E}.Debug|Any CPU.Build.0 = Debug|Any CPU
		{CBEF8BDA-BD74-4537-90C5-EDB1BB2D4C8E}.Release|Any CPU.ActiveCfg = Release|Any CPU
		{CBEF8BDA-BD74-4537-90C5-EDB1BB2D4C8E}.Release|Any CPU.Build.0 = Release|Any CPU
	EndGlobalSection
	GlobalSection(SolutionProperties) = preSolution
		HideSolutionNode = FALSE
	EndGlobalSection
EndGlobal
