
Microsoft Visual Studio Solution File, Format Version 12.00
# Visual Studio 2013
VisualStudioVersion = 12.0.30723.0
MinimumVisualStudioVersion = 10.0.40219.1
Project("{FAE04EC0-301F-11D3-BF4B-00C04F79EFBC}") = "SAHL.Testing.Services.Tests", "SAHL.Testing.DomainServices.Tests\SAHL.Testing.Services.Tests.csproj", "{BF4566BD-5FFE-497C-9D86-E94B06E55B25}"
EndProject
Project("{FAE04EC0-301F-11D3-BF4B-00C04F79EFBC}") = "SAHL.Testing.ComcorpServices.Tests", "SAHL.Testing.ComcorpServices.Tests\SAHL.Testing.ComcorpServices.Tests.csproj", "{8DF33B09-807B-48C9-ABE7-CD4E092DC19F}"
EndProject
Project("{FAE04EC0-301F-11D3-BF4B-00C04F79EFBC}") = "SAHL.Testing.Config", "SAHL.Testing.Config\SAHL.Testing.Config.csproj", "{04EEC62E-B148-4A77-A4B9-51EC5ABA1F02}"
EndProject
Project("{FAE04EC0-301F-11D3-BF4B-00C04F79EFBC}") = "SAHL.Testing.SolrIndex.Tests", "SAHL.Testing.SolrIndex.Tests\SAHL.Testing.SolrIndex.Tests.csproj", "{76AB863B-1EDE-4952-8354-CAEF0218DCBF}"
EndProject
Project("{FAE04EC0-301F-11D3-BF4B-00C04F79EFBC}") = "SAHL.Testing.Common", "SAHL.Testing.Common\SAHL.Testing.Common.csproj", "{DB3F7B8D-1780-41EC-AB46-B362C1E9027F}"
EndProject
Project("{FAE04EC0-301F-11D3-BF4B-00C04F79EFBC}") = "SAHL.Testing.Workflow.Tests", "SAHL.Testing.Workflow.Tests\SAHL.Testing.Workflow.Tests.csproj", "{9BF6FE8B-A66D-42E0-9D8E-413BEF8BD18A}"
EndProject
Project("{FAE04EC0-301F-11D3-BF4B-00C04F79EFBC}") = "SAHL.Testing.DomainProcessManager.Tests", "SAHL.Testing.DomainProcessManager.Tests\SAHL.Testing.DomainProcessManager.Tests.csproj", "{F28022F3-8F53-45E9-A4A4-416675412F12}"
EndProject
Project("{FAE04EC0-301F-11D3-BF4B-00C04F79EFBC}") = "SAHL.Testing.EventProjection.Tests", "SAHL.Testing.EventProjection.Tests\SAHL.Testing.EventProjection.Tests.csproj", "{A4431ECA-19E7-46DC-B8EE-6BB81DD6B90F}"
EndProject
Global
	GlobalSection(SolutionConfigurationPlatforms) = preSolution
		Debug|Any CPU = Debug|Any CPU
		Release|Any CPU = Release|Any CPU
	EndGlobalSection
	GlobalSection(ProjectConfigurationPlatforms) = postSolution
		{BF4566BD-5FFE-497C-9D86-E94B06E55B25}.Debug|Any CPU.ActiveCfg = Debug|Any CPU
		{BF4566BD-5FFE-497C-9D86-E94B06E55B25}.Debug|Any CPU.Build.0 = Debug|Any CPU
		{BF4566BD-5FFE-497C-9D86-E94B06E55B25}.Release|Any CPU.ActiveCfg = Release|Any CPU
		{BF4566BD-5FFE-497C-9D86-E94B06E55B25}.Release|Any CPU.Build.0 = Release|Any CPU
		{8DF33B09-807B-48C9-ABE7-CD4E092DC19F}.Debug|Any CPU.ActiveCfg = Debug|Any CPU
		{8DF33B09-807B-48C9-ABE7-CD4E092DC19F}.Debug|Any CPU.Build.0 = Debug|Any CPU
		{8DF33B09-807B-48C9-ABE7-CD4E092DC19F}.Release|Any CPU.ActiveCfg = Release|Any CPU
		{8DF33B09-807B-48C9-ABE7-CD4E092DC19F}.Release|Any CPU.Build.0 = Release|Any CPU
		{04EEC62E-B148-4A77-A4B9-51EC5ABA1F02}.Debug|Any CPU.ActiveCfg = Debug|Any CPU
		{04EEC62E-B148-4A77-A4B9-51EC5ABA1F02}.Debug|Any CPU.Build.0 = Debug|Any CPU
		{04EEC62E-B148-4A77-A4B9-51EC5ABA1F02}.Release|Any CPU.ActiveCfg = Release|Any CPU
		{04EEC62E-B148-4A77-A4B9-51EC5ABA1F02}.Release|Any CPU.Build.0 = Release|Any CPU
		{76AB863B-1EDE-4952-8354-CAEF0218DCBF}.Debug|Any CPU.ActiveCfg = Debug|Any CPU
		{76AB863B-1EDE-4952-8354-CAEF0218DCBF}.Debug|Any CPU.Build.0 = Debug|Any CPU
		{76AB863B-1EDE-4952-8354-CAEF0218DCBF}.Release|Any CPU.ActiveCfg = Release|Any CPU
		{76AB863B-1EDE-4952-8354-CAEF0218DCBF}.Release|Any CPU.Build.0 = Release|Any CPU
		{DB3F7B8D-1780-41EC-AB46-B362C1E9027F}.Debug|Any CPU.ActiveCfg = Debug|Any CPU
		{DB3F7B8D-1780-41EC-AB46-B362C1E9027F}.Debug|Any CPU.Build.0 = Debug|Any CPU
		{DB3F7B8D-1780-41EC-AB46-B362C1E9027F}.Release|Any CPU.ActiveCfg = Release|Any CPU
		{DB3F7B8D-1780-41EC-AB46-B362C1E9027F}.Release|Any CPU.Build.0 = Release|Any CPU
		{9BF6FE8B-A66D-42E0-9D8E-413BEF8BD18A}.Debug|Any CPU.ActiveCfg = Debug|Any CPU
		{9BF6FE8B-A66D-42E0-9D8E-413BEF8BD18A}.Debug|Any CPU.Build.0 = Debug|Any CPU
		{9BF6FE8B-A66D-42E0-9D8E-413BEF8BD18A}.Release|Any CPU.ActiveCfg = Release|Any CPU
		{9BF6FE8B-A66D-42E0-9D8E-413BEF8BD18A}.Release|Any CPU.Build.0 = Release|Any CPU
		{F28022F3-8F53-45E9-A4A4-416675412F12}.Debug|Any CPU.ActiveCfg = Debug|Any CPU
		{F28022F3-8F53-45E9-A4A4-416675412F12}.Debug|Any CPU.Build.0 = Debug|Any CPU
		{F28022F3-8F53-45E9-A4A4-416675412F12}.Release|Any CPU.ActiveCfg = Release|Any CPU
		{F28022F3-8F53-45E9-A4A4-416675412F12}.Release|Any CPU.Build.0 = Release|Any CPU
		{A4431ECA-19E7-46DC-B8EE-6BB81DD6B90F}.Debug|Any CPU.ActiveCfg = Debug|Any CPU
		{A4431ECA-19E7-46DC-B8EE-6BB81DD6B90F}.Debug|Any CPU.Build.0 = Debug|Any CPU
		{A4431ECA-19E7-46DC-B8EE-6BB81DD6B90F}.Release|Any CPU.ActiveCfg = Release|Any CPU
		{A4431ECA-19E7-46DC-B8EE-6BB81DD6B90F}.Release|Any CPU.Build.0 = Release|Any CPU
	EndGlobalSection
	GlobalSection(SolutionProperties) = preSolution
		HideSolutionNode = FALSE
	EndGlobalSection
EndGlobal
