
Microsoft Visual Studio Solution File, Format Version 12.00
# Visual Studio 2013
VisualStudioVersion = 12.0.30723.0
MinimumVisualStudioVersion = 10.0.40219.1
Project("{FAE04EC0-301F-11D3-BF4B-00C04F79EFBC}") = "SAHL.Services.Interfaces.DomainProcessManager", "SAHL.Services.Interfaces.DomainProcessManager\SAHL.Services.Interfaces.DomainProcessManager.csproj", "{050AA1CF-8B68-46B8-83B6-F5214474964A}"
EndProject
Project("{FAE04EC0-301F-11D3-BF4B-00C04F79EFBC}") = "SAHL.Services.Interfaces.DomainProcessManager.Tests", "SAHL.Services.Interfaces.DomainProcessManager.Tests\SAHL.Services.Interfaces.DomainProcessManager.Tests.csproj", "{E72BE341-B032-464F-8045-636B85EF963D}"
EndProject
Project("{FAE04EC0-301F-11D3-BF4B-00C04F79EFBC}") = "SAHL.Config.Services.DomainProcessManager.Client", "SAHL.Config.Services.DomainProcessManager.Client\SAHL.Config.Services.DomainProcessManager.Client.csproj", "{9FCA2DCF-B5FC-40E4-9DE8-CE25B8859DC5}"
EndProject
Project("{FAE04EC0-301F-11D3-BF4B-00C04F79EFBC}") = "SAHL.Services.DomainProcessManager.Specs", "SAHL.Services.DomainProcessManager.Specs\SAHL.Services.DomainProcessManager.Specs.csproj", "{98E915E2-5EDE-4D3A-A730-2BBE7A6C2E92}"
EndProject
Project("{FAE04EC0-301F-11D3-BF4B-00C04F79EFBC}") = "SAHL.DomainProcessManager.Models", "SAHL.DomainProcessManager.Models\SAHL.DomainProcessManager.Models.csproj", "{45484F4F-984F-4A62-A0B4-7334BAFA20F3}"
EndProject
Global
	GlobalSection(SolutionConfigurationPlatforms) = preSolution
		Debug|Any CPU = Debug|Any CPU
		Release|Any CPU = Release|Any CPU
	EndGlobalSection
	GlobalSection(ProjectConfigurationPlatforms) = postSolution
		{050AA1CF-8B68-46B8-83B6-F5214474964A}.Debug|Any CPU.ActiveCfg = Debug|Any CPU
		{050AA1CF-8B68-46B8-83B6-F5214474964A}.Debug|Any CPU.Build.0 = Debug|Any CPU
		{050AA1CF-8B68-46B8-83B6-F5214474964A}.Release|Any CPU.ActiveCfg = Release|Any CPU
		{050AA1CF-8B68-46B8-83B6-F5214474964A}.Release|Any CPU.Build.0 = Release|Any CPU
		{E72BE341-B032-464F-8045-636B85EF963D}.Debug|Any CPU.ActiveCfg = Debug|Any CPU
		{E72BE341-B032-464F-8045-636B85EF963D}.Debug|Any CPU.Build.0 = Debug|Any CPU
		{E72BE341-B032-464F-8045-636B85EF963D}.Release|Any CPU.ActiveCfg = Release|Any CPU
		{E72BE341-B032-464F-8045-636B85EF963D}.Release|Any CPU.Build.0 = Release|Any CPU
		{9FCA2DCF-B5FC-40E4-9DE8-CE25B8859DC5}.Debug|Any CPU.ActiveCfg = Debug|Any CPU
		{9FCA2DCF-B5FC-40E4-9DE8-CE25B8859DC5}.Debug|Any CPU.Build.0 = Debug|Any CPU
		{9FCA2DCF-B5FC-40E4-9DE8-CE25B8859DC5}.Release|Any CPU.ActiveCfg = Release|Any CPU
		{9FCA2DCF-B5FC-40E4-9DE8-CE25B8859DC5}.Release|Any CPU.Build.0 = Release|Any CPU
		{98E915E2-5EDE-4D3A-A730-2BBE7A6C2E92}.Debug|Any CPU.ActiveCfg = Debug|Any CPU
		{98E915E2-5EDE-4D3A-A730-2BBE7A6C2E92}.Debug|Any CPU.Build.0 = Debug|Any CPU
		{98E915E2-5EDE-4D3A-A730-2BBE7A6C2E92}.Release|Any CPU.ActiveCfg = Release|Any CPU
		{98E915E2-5EDE-4D3A-A730-2BBE7A6C2E92}.Release|Any CPU.Build.0 = Release|Any CPU
		{45484F4F-984F-4A62-A0B4-7334BAFA20F3}.Debug|Any CPU.ActiveCfg = Debug|Any CPU
		{45484F4F-984F-4A62-A0B4-7334BAFA20F3}.Debug|Any CPU.Build.0 = Debug|Any CPU
		{45484F4F-984F-4A62-A0B4-7334BAFA20F3}.Release|Any CPU.ActiveCfg = Release|Any CPU
		{45484F4F-984F-4A62-A0B4-7334BAFA20F3}.Release|Any CPU.Build.0 = Release|Any CPU
	EndGlobalSection
	GlobalSection(SolutionProperties) = preSolution
		HideSolutionNode = FALSE
	EndGlobalSection
EndGlobal
