
Microsoft Visual Studio Solution File, Format Version 11.00
# Visual Studio 2010
Project("{FAE04EC0-301F-11D3-BF4B-00C04F79EFBC}") = "SAHL.Web.Services.Test", "SAHL.Web.Services.Test\SAHL.Web.Services.Test.csproj", "{3ADCE6C6-0CBE-48F2-99F1-F417ACB47DBF}"
EndProject
Global
	GlobalSection(SolutionConfigurationPlatforms) = preSolution
		Debug|Any CPU = Debug|Any CPU
		Release|Any CPU = Release|Any CPU
	EndGlobalSection
	GlobalSection(ProjectConfigurationPlatforms) = postSolution
		{3ADCE6C6-0CBE-48F2-99F1-F417ACB47DBF}.Debug|Any CPU.ActiveCfg = Debug|Any CPU
		{3ADCE6C6-0CBE-48F2-99F1-F417ACB47DBF}.Debug|Any CPU.Build.0 = Debug|Any CPU
		{3ADCE6C6-0CBE-48F2-99F1-F417ACB47DBF}.Release|Any CPU.ActiveCfg = Release|Any CPU
		{3ADCE6C6-0CBE-48F2-99F1-F417ACB47DBF}.Release|Any CPU.Build.0 = Release|Any CPU
	EndGlobalSection
	GlobalSection(SolutionProperties) = preSolution
		HideSolutionNode = FALSE
	EndGlobalSection
EndGlobal
