
Microsoft Visual Studio Solution File, Format Version 12.00
# Visual Studio 2013
VisualStudioVersion = 12.0.30723.0
MinimumVisualStudioVersion = 10.0.40219.1
Project("{FAE04EC0-301F-11D3-BF4B-00C04F79EFBC}") = "SAHL.Services.Communications", "SAHL.Services.Communications\SAHL.Services.Communications.csproj", "{7DC3D88A-14F1-46A7-9CA3-39C37856D3C0}"
EndProject
Project("{FAE04EC0-301F-11D3-BF4B-00C04F79EFBC}") = "SAHL.Config.Services.Communications.Server", "SAHL.Config.Services.Communications.Server\SAHL.Config.Services.Communications.Server.csproj", "{F1FD99B8-4A89-4085-B312-B650E55F2AD6}"
EndProject
Project("{FAE04EC0-301F-11D3-BF4B-00C04F79EFBC}") = "SAHL.Services.Communications.Specs", "SAHL.Services.Communications.Specs\SAHL.Services.Communications.Specs.csproj", "{281E59EB-4321-454A-84BF-B9DDABA5FF6E}"
EndProject
Project("{FAE04EC0-301F-11D3-BF4B-00C04F79EFBC}") = "SAHL.Services.Communications.Tests", "SAHL.Services.Communications.Tests\SAHL.Services.Communications.Tests.csproj", "{A6CC8CDA-F91D-4D6F-A1DE-CA4B7F823592}"
EndProject
Global
	GlobalSection(SolutionConfigurationPlatforms) = preSolution
		Debug|Any CPU = Debug|Any CPU
		Release|Any CPU = Release|Any CPU
	EndGlobalSection
	GlobalSection(ProjectConfigurationPlatforms) = postSolution
		{7DC3D88A-14F1-46A7-9CA3-39C37856D3C0}.Debug|Any CPU.ActiveCfg = Debug|Any CPU
		{7DC3D88A-14F1-46A7-9CA3-39C37856D3C0}.Debug|Any CPU.Build.0 = Debug|Any CPU
		{7DC3D88A-14F1-46A7-9CA3-39C37856D3C0}.Release|Any CPU.ActiveCfg = Release|Any CPU
		{7DC3D88A-14F1-46A7-9CA3-39C37856D3C0}.Release|Any CPU.Build.0 = Release|Any CPU
		{F1FD99B8-4A89-4085-B312-B650E55F2AD6}.Debug|Any CPU.ActiveCfg = Debug|Any CPU
		{F1FD99B8-4A89-4085-B312-B650E55F2AD6}.Debug|Any CPU.Build.0 = Debug|Any CPU
		{F1FD99B8-4A89-4085-B312-B650E55F2AD6}.Release|Any CPU.ActiveCfg = Release|Any CPU
		{F1FD99B8-4A89-4085-B312-B650E55F2AD6}.Release|Any CPU.Build.0 = Release|Any CPU
		{281E59EB-4321-454A-84BF-B9DDABA5FF6E}.Debug|Any CPU.ActiveCfg = Debug|Any CPU
		{281E59EB-4321-454A-84BF-B9DDABA5FF6E}.Debug|Any CPU.Build.0 = Debug|Any CPU
		{281E59EB-4321-454A-84BF-B9DDABA5FF6E}.Release|Any CPU.ActiveCfg = Release|Any CPU
		{281E59EB-4321-454A-84BF-B9DDABA5FF6E}.Release|Any CPU.Build.0 = Release|Any CPU
		{A6CC8CDA-F91D-4D6F-A1DE-CA4B7F823592}.Debug|Any CPU.ActiveCfg = Debug|Any CPU
		{A6CC8CDA-F91D-4D6F-A1DE-CA4B7F823592}.Debug|Any CPU.Build.0 = Debug|Any CPU
		{A6CC8CDA-F91D-4D6F-A1DE-CA4B7F823592}.Release|Any CPU.ActiveCfg = Release|Any CPU
		{A6CC8CDA-F91D-4D6F-A1DE-CA4B7F823592}.Release|Any CPU.Build.0 = Release|Any CPU
	EndGlobalSection
	GlobalSection(SolutionProperties) = preSolution
		HideSolutionNode = FALSE
	EndGlobalSection
EndGlobal
