
Microsoft Visual Studio Solution File, Format Version 12.00
# Visual Studio 2013
VisualStudioVersion = 12.0.31101.0
MinimumVisualStudioVersion = 10.0.40219.1
Project("{FAE04EC0-301F-11D3-BF4B-00C04F79EFBC}") = "SAHL.Config.Services.X2.Client", "SAHL.Config.Services.X2.Client\SAHL.Config.Services.X2.Client.csproj", "{85D6024D-C7C5-4E97-92E4-059774E3D1FD}"
EndProject
Project("{FAE04EC0-301F-11D3-BF4B-00C04F79EFBC}") = "SAHL.X2Engine2.Tests", "SAHL.X2Engine2.Tests\SAHL.X2Engine2.Tests.csproj", "{B0B3C602-939B-4057-BFBA-44FAC590B7D2}"
EndProject
Project("{FAE04EC0-301F-11D3-BF4B-00C04F79EFBC}") = "SAHL.Config.Services.X2.Console", "SAHL.Config.Services.X2.Console\SAHL.Config.Services.X2.Console.csproj", "{EFBDEEE0-0E39-4207-B2FE-1E873C749CC8}"
EndProject
Project("{FAE04EC0-301F-11D3-BF4B-00C04F79EFBC}") = "SAHL.X2Engine2.LoadTests", "SAHL.X2Engine2.LoadTests\SAHL.X2Engine2.LoadTests.csproj", "{34EC30B0-D29D-4F8F-A64B-987691EEDC7D}"
EndProject
Global
	GlobalSection(SolutionConfigurationPlatforms) = preSolution
		Debug|Any CPU = Debug|Any CPU
		Release|Any CPU = Release|Any CPU
	EndGlobalSection
	GlobalSection(ProjectConfigurationPlatforms) = postSolution
		{85D6024D-C7C5-4E97-92E4-059774E3D1FD}.Debug|Any CPU.ActiveCfg = Debug|Any CPU
		{85D6024D-C7C5-4E97-92E4-059774E3D1FD}.Debug|Any CPU.Build.0 = Debug|Any CPU
		{85D6024D-C7C5-4E97-92E4-059774E3D1FD}.Release|Any CPU.ActiveCfg = Release|Any CPU
		{85D6024D-C7C5-4E97-92E4-059774E3D1FD}.Release|Any CPU.Build.0 = Release|Any CPU
		{B0B3C602-939B-4057-BFBA-44FAC590B7D2}.Debug|Any CPU.ActiveCfg = Debug|Any CPU
		{B0B3C602-939B-4057-BFBA-44FAC590B7D2}.Debug|Any CPU.Build.0 = Debug|Any CPU
		{B0B3C602-939B-4057-BFBA-44FAC590B7D2}.Release|Any CPU.ActiveCfg = Release|Any CPU
		{B0B3C602-939B-4057-BFBA-44FAC590B7D2}.Release|Any CPU.Build.0 = Release|Any CPU
		{EFBDEEE0-0E39-4207-B2FE-1E873C749CC8}.Debug|Any CPU.ActiveCfg = Debug|Any CPU
		{EFBDEEE0-0E39-4207-B2FE-1E873C749CC8}.Debug|Any CPU.Build.0 = Debug|Any CPU
		{EFBDEEE0-0E39-4207-B2FE-1E873C749CC8}.Release|Any CPU.ActiveCfg = Release|Any CPU
		{EFBDEEE0-0E39-4207-B2FE-1E873C749CC8}.Release|Any CPU.Build.0 = Release|Any CPU
		{34EC30B0-D29D-4F8F-A64B-987691EEDC7D}.Debug|Any CPU.ActiveCfg = Debug|Any CPU
		{34EC30B0-D29D-4F8F-A64B-987691EEDC7D}.Debug|Any CPU.Build.0 = Debug|Any CPU
		{34EC30B0-D29D-4F8F-A64B-987691EEDC7D}.Release|Any CPU.ActiveCfg = Release|Any CPU
		{34EC30B0-D29D-4F8F-A64B-987691EEDC7D}.Release|Any CPU.Build.0 = Release|Any CPU
	EndGlobalSection
	GlobalSection(SolutionProperties) = preSolution
		HideSolutionNode = FALSE
	EndGlobalSection
EndGlobal
