
Microsoft Visual Studio Solution File, Format Version 12.00
# Visual Studio 2013
VisualStudioVersion = 12.0.30501.0
MinimumVisualStudioVersion = 10.0.40219.1
Project("{FAE04EC0-301F-11D3-BF4B-00C04F79EFBC}") = "SAHL.VS.WebJS", "SAHL.VS.WebJS\SAHL.VS.WebJS.csproj", "{7938BF13-8EE4-445F-A5D5-6FAAA36618CB}"
EndProject
Project("{FAE04EC0-301F-11D3-BF4B-00C04F79EFBC}") = "SAHL.VS.Build", "SAHL.VS.Build\SAHL.VS.Build.csproj", "{19308D45-BEF5-4395-B670-2EACF92779EE}"
EndProject
Global
	GlobalSection(SolutionConfigurationPlatforms) = preSolution
		Debug|Any CPU = Debug|Any CPU
		Release|Any CPU = Release|Any CPU
	EndGlobalSection
	GlobalSection(ProjectConfigurationPlatforms) = postSolution
		{7938BF13-8EE4-445F-A5D5-6FAAA36618CB}.Debug|Any CPU.ActiveCfg = Debug|Any CPU
		{7938BF13-8EE4-445F-A5D5-6FAAA36618CB}.Debug|Any CPU.Build.0 = Debug|Any CPU
		{7938BF13-8EE4-445F-A5D5-6FAAA36618CB}.Release|Any CPU.ActiveCfg = Release|Any CPU
		{7938BF13-8EE4-445F-A5D5-6FAAA36618CB}.Release|Any CPU.Build.0 = Release|Any CPU
		{19308D45-BEF5-4395-B670-2EACF92779EE}.Debug|Any CPU.ActiveCfg = Debug|Any CPU
		{19308D45-BEF5-4395-B670-2EACF92779EE}.Debug|Any CPU.Build.0 = Debug|Any CPU
		{19308D45-BEF5-4395-B670-2EACF92779EE}.Release|Any CPU.ActiveCfg = Release|Any CPU
		{19308D45-BEF5-4395-B670-2EACF92779EE}.Release|Any CPU.Build.0 = Release|Any CPU
	EndGlobalSection
	GlobalSection(SolutionProperties) = preSolution
		HideSolutionNode = FALSE
	EndGlobalSection
EndGlobal
