
Microsoft Visual Studio Solution File, Format Version 12.00
# Visual Studio 2013
VisualStudioVersion = 12.0.30723.0
MinimumVisualStudioVersion = 10.0.40219.1
Project("{FAE04EC0-301F-11D3-BF4B-00C04F79EFBC}") = "SAHL.Config.DomainManager.DomainProcesses", "SAHL.Config.DomainManager.DomainProcesses\SAHL.Config.DomainManager.DomainProcesses.csproj", "{23175FF2-2AF9-4068-B966-36398D034E03}"
EndProject
Project("{FAE04EC0-301F-11D3-BF4B-00C04F79EFBC}") = "SAHL.Config.DomainManager.DomainProcesses.Tests", "SAHL.Config.DomainManager.DomainProcesses.Tests\SAHL.Config.DomainManager.DomainProcesses.Tests.csproj", "{9D383876-3085-4E8B-BB63-8A95453E36C2}"
EndProject
Project("{FAE04EC0-301F-11D3-BF4B-00C04F79EFBC}") = "SAHL.DomainProcessManager.DomainProcesses", "SAHL.DomainProcessManager.DomainProcesses\SAHL.DomainProcessManager.DomainProcesses.csproj", "{91FFF4FD-D4AB-4897-B8FA-4C8DB2EC8DA4}"
EndProject
Project("{FAE04EC0-301F-11D3-BF4B-00C04F79EFBC}") = "SAHL.DomainProcessManager.DomainProcesses.Tests", "SAHL.DomainProcessManager.DomainProcesses.Tests\SAHL.DomainProcessManager.DomainProcesses.Tests.csproj", "{3ACDC922-A784-4199-A408-F11C4BE231BC}"
EndProject
Project("{FAE04EC0-301F-11D3-BF4B-00C04F79EFBC}") = "SAHL.DomainProcessManager.DomainProcesses.Specs", "SAHL.DomainManager.DomainProcesses.Specs\SAHL.DomainProcessManager.DomainProcesses.Specs.csproj", "{7B87BF46-E909-46A6-9633-C252EBEE7651}"
EndProject
Global
	GlobalSection(SolutionConfigurationPlatforms) = preSolution
		Debug|Any CPU = Debug|Any CPU
		Release|Any CPU = Release|Any CPU
	EndGlobalSection
	GlobalSection(ProjectConfigurationPlatforms) = postSolution
		{23175FF2-2AF9-4068-B966-36398D034E03}.Debug|Any CPU.ActiveCfg = Debug|Any CPU
		{23175FF2-2AF9-4068-B966-36398D034E03}.Debug|Any CPU.Build.0 = Debug|Any CPU
		{23175FF2-2AF9-4068-B966-36398D034E03}.Release|Any CPU.ActiveCfg = Release|Any CPU
		{23175FF2-2AF9-4068-B966-36398D034E03}.Release|Any CPU.Build.0 = Release|Any CPU
		{9D383876-3085-4E8B-BB63-8A95453E36C2}.Debug|Any CPU.ActiveCfg = Debug|Any CPU
		{9D383876-3085-4E8B-BB63-8A95453E36C2}.Debug|Any CPU.Build.0 = Debug|Any CPU
		{9D383876-3085-4E8B-BB63-8A95453E36C2}.Release|Any CPU.ActiveCfg = Release|Any CPU
		{9D383876-3085-4E8B-BB63-8A95453E36C2}.Release|Any CPU.Build.0 = Release|Any CPU
		{91FFF4FD-D4AB-4897-B8FA-4C8DB2EC8DA4}.Debug|Any CPU.ActiveCfg = Debug|Any CPU
		{91FFF4FD-D4AB-4897-B8FA-4C8DB2EC8DA4}.Debug|Any CPU.Build.0 = Debug|Any CPU
		{91FFF4FD-D4AB-4897-B8FA-4C8DB2EC8DA4}.Release|Any CPU.ActiveCfg = Release|Any CPU
		{91FFF4FD-D4AB-4897-B8FA-4C8DB2EC8DA4}.Release|Any CPU.Build.0 = Release|Any CPU
		{3ACDC922-A784-4199-A408-F11C4BE231BC}.Debug|Any CPU.ActiveCfg = Debug|Any CPU
		{3ACDC922-A784-4199-A408-F11C4BE231BC}.Debug|Any CPU.Build.0 = Debug|Any CPU
		{3ACDC922-A784-4199-A408-F11C4BE231BC}.Release|Any CPU.ActiveCfg = Release|Any CPU
		{3ACDC922-A784-4199-A408-F11C4BE231BC}.Release|Any CPU.Build.0 = Release|Any CPU
		{7B87BF46-E909-46A6-9633-C252EBEE7651}.Debug|Any CPU.ActiveCfg = Debug|Any CPU
		{7B87BF46-E909-46A6-9633-C252EBEE7651}.Debug|Any CPU.Build.0 = Debug|Any CPU
		{7B87BF46-E909-46A6-9633-C252EBEE7651}.Release|Any CPU.ActiveCfg = Release|Any CPU
		{7B87BF46-E909-46A6-9633-C252EBEE7651}.Release|Any CPU.Build.0 = Release|Any CPU
	EndGlobalSection
	GlobalSection(SolutionProperties) = preSolution
		HideSolutionNode = FALSE
	EndGlobalSection
EndGlobal
