
Microsoft Visual Studio Solution File, Format Version 12.00
# Visual Studio 2013
VisualStudioVersion = 12.0.30501.0
MinimumVisualStudioVersion = 10.0.40219.1
Project("{FAE04EC0-301F-11D3-BF4B-00C04F79EFBC}") = "SAHL.Config.Services.CapitecSearch.Server", "SAHL.Config.Services.CapitecSearch.Server\SAHL.Config.Services.CapitecSearch.Server.csproj", "{0B71FB30-CC0B-49FA-8FFA-60FA3CDEC689}"
EndProject
Project("{FAE04EC0-301F-11D3-BF4B-00C04F79EFBC}") = "SAHL.Services.CapitecSearch", "SAHL.Services.CapitecSearch\SAHL.Services.CapitecSearch.csproj", "{5F61620E-17DE-4B5B-A3C8-30FDF4ACAF0D}"
EndProject
Project("{FAE04EC0-301F-11D3-BF4B-00C04F79EFBC}") = "SAHL.Services.CapitecSearch.Server.Specs", "SAHL.Services.CapitecSearch.Server.Specs\SAHL.Services.CapitecSearch.Server.Specs.csproj", "{20EC33B6-A2D6-4FBA-83D2-6E7BF3F8980F}"
EndProject
Project("{FAE04EC0-301F-11D3-BF4B-00C04F79EFBC}") = "SAHL.Services.CapitecSearch.Tests", "SAHL.Services.CapitecSearch.Tests\SAHL.Services.CapitecSearch.Tests.csproj", "{160C0A35-FB68-4E7C-9504-5A98C89A3CE4}"
EndProject
Global
	GlobalSection(SolutionConfigurationPlatforms) = preSolution
		Debug|Any CPU = Debug|Any CPU
		Release|Any CPU = Release|Any CPU
	EndGlobalSection
	GlobalSection(ProjectConfigurationPlatforms) = postSolution
		{0B71FB30-CC0B-49FA-8FFA-60FA3CDEC689}.Debug|Any CPU.ActiveCfg = Debug|Any CPU
		{0B71FB30-CC0B-49FA-8FFA-60FA3CDEC689}.Debug|Any CPU.Build.0 = Debug|Any CPU
		{0B71FB30-CC0B-49FA-8FFA-60FA3CDEC689}.Release|Any CPU.ActiveCfg = Release|Any CPU
		{0B71FB30-CC0B-49FA-8FFA-60FA3CDEC689}.Release|Any CPU.Build.0 = Release|Any CPU
		{5F61620E-17DE-4B5B-A3C8-30FDF4ACAF0D}.Debug|Any CPU.ActiveCfg = Debug|Any CPU
		{5F61620E-17DE-4B5B-A3C8-30FDF4ACAF0D}.Debug|Any CPU.Build.0 = Debug|Any CPU
		{5F61620E-17DE-4B5B-A3C8-30FDF4ACAF0D}.Release|Any CPU.ActiveCfg = Release|Any CPU
		{5F61620E-17DE-4B5B-A3C8-30FDF4ACAF0D}.Release|Any CPU.Build.0 = Release|Any CPU
		{20EC33B6-A2D6-4FBA-83D2-6E7BF3F8980F}.Debug|Any CPU.ActiveCfg = Debug|Any CPU
		{20EC33B6-A2D6-4FBA-83D2-6E7BF3F8980F}.Debug|Any CPU.Build.0 = Debug|Any CPU
		{20EC33B6-A2D6-4FBA-83D2-6E7BF3F8980F}.Release|Any CPU.ActiveCfg = Release|Any CPU
		{20EC33B6-A2D6-4FBA-83D2-6E7BF3F8980F}.Release|Any CPU.Build.0 = Release|Any CPU
		{160C0A35-FB68-4E7C-9504-5A98C89A3CE4}.Debug|Any CPU.ActiveCfg = Debug|Any CPU
		{160C0A35-FB68-4E7C-9504-5A98C89A3CE4}.Debug|Any CPU.Build.0 = Debug|Any CPU
		{160C0A35-FB68-4E7C-9504-5A98C89A3CE4}.Release|Any CPU.ActiveCfg = Release|Any CPU
		{160C0A35-FB68-4E7C-9504-5A98C89A3CE4}.Release|Any CPU.Build.0 = Release|Any CPU
	EndGlobalSection
	GlobalSection(SolutionProperties) = preSolution
		HideSolutionNode = FALSE
	EndGlobalSection
EndGlobal
